
Microsoft Visual Studio Solution File, Format Version 12.00
# Visual Studio Version 16
VisualStudioVersion = 16.0.29411.108
MinimumVisualStudioVersion = 10.0.40219.1
Project("{FAE04EC0-301F-11D3-BF4B-00C04F79EFBC}") = "Telefon_klient", "Telefon_klient\Telefon_klient.csproj", "{C75BCADE-A3DD-4216-A285-FF62BCFFA8D0}"
EndProject
Global
	GlobalSection(SolutionConfigurationPlatforms) = preSolution
		Debug|Any CPU = Debug|Any CPU
		Release|Any CPU = Release|Any CPU
	EndGlobalSection
	GlobalSection(ProjectConfigurationPlatforms) = postSolution
		{C75BCADE-A3DD-4216-A285-FF62BCFFA8D0}.Debug|Any CPU.ActiveCfg = Debug|Any CPU
		{C75BCADE-A3DD-4216-A285-FF62BCFFA8D0}.Debug|Any CPU.Build.0 = Debug|Any CPU
		{C75BCADE-A3DD-4216-A285-FF62BCFFA8D0}.Release|Any CPU.ActiveCfg = Release|Any CPU
		{C75BCADE-A3DD-4216-A285-FF62BCFFA8D0}.Release|Any CPU.Build.0 = Release|Any CPU
	EndGlobalSection
	GlobalSection(SolutionProperties) = preSolution
		HideSolutionNode = FALSE
	EndGlobalSection
	GlobalSection(ExtensibilityGlobals) = postSolution
		SolutionGuid = {DA70FBC5-0DC8-43F5-94B0-7E173C8451A0}
	EndGlobalSection
EndGlobal
